// !$*UTF8*$!
{
	archiveVersion = 1;
	classes = {
	};
	objectVersion = 46;
	objects = {

/* Begin PBXBuildFile section */
		040348A41EEC455F00D89A1B /* main.m in Sources */ = {isa = PBXBuildFile; fileRef = 040348A31EEC455F00D89A1B /* main.m */; };
		040348A71EEC455F00D89A1B /* AppDelegate.m in Sources */ = {isa = PBXBuildFile; fileRef = 040348A61EEC455F00D89A1B /* AppDelegate.m */; };
		040348AA1EEC455F00D89A1B /* ViewController.m in Sources */ = {isa = PBXBuildFile; fileRef = 040348A91EEC455F00D89A1B /* ViewController.m */; };
		040348AD1EEC455F00D89A1B /* Main.storyboard in Resources */ = {isa = PBXBuildFile; fileRef = 040348AB1EEC455F00D89A1B /* Main.storyboard */; };
		040348B01EEC456000D89A1B /* JackPickerView.xcdatamodeld in Sources */ = {isa = PBXBuildFile; fileRef = 040348AE1EEC456000D89A1B /* JackPickerView.xcdatamodeld */; };
		040348B21EEC456000D89A1B /* Assets.xcassets in Resources */ = {isa = PBXBuildFile; fileRef = 040348B11EEC456000D89A1B /* Assets.xcassets */; };
		040348B51EEC456000D89A1B /* LaunchScreen.storyboard in Resources */ = {isa = PBXBuildFile; fileRef = 040348B31EEC456000D89A1B /* LaunchScreen.storyboard */; };
		040348C01EEC456000D89A1B /* JackPickerViewUITests.m in Sources */ = {isa = PBXBuildFile; fileRef = 040348BF1EEC456000D89A1B /* JackPickerViewUITests.m */; };
		0486AE1E1F4C0921004E37C9 /* JackPickerView.m in Sources */ = {isa = PBXBuildFile; fileRef = 0486AE1D1F4C0921004E37C9 /* JackPickerView.m */; };
/* End PBXBuildFile section */

/* Begin PBXContainerItemProxy section */
		040348BC1EEC456000D89A1B /* PBXContainerItemProxy */ = {
			isa = PBXContainerItemProxy;
			containerPortal = 040348971EEC455F00D89A1B /* Project object */;
			proxyType = 1;
			remoteGlobalIDString = 0403489E1EEC455F00D89A1B;
			remoteInfo = JackPickerView;
		};
/* End PBXContainerItemProxy section */

/* Begin PBXFileReference section */
		0403489F1EEC455F00D89A1B /* JackPickerView.app */ = {isa = PBXFileReference; explicitFileType = wrapper.application; includeInIndex = 0; path = JackPickerView.app; sourceTree = BUILT_PRODUCTS_DIR; };
		040348A31EEC455F00D89A1B /* main.m */ = {isa = PBXFileReference; lastKnownFileType = sourcecode.c.objc; path = main.m; sourceTree = "<group>"; };
		040348A51EEC455F00D89A1B /* AppDelegate.h */ = {isa = PBXFileReference; lastKnownFileType = sourcecode.c.h; path = AppDelegate.h; sourceTree = "<group>"; };
		040348A61EEC455F00D89A1B /* AppDelegate.m */ = {isa = PBXFileReference; lastKnownFileType = sourcecode.c.objc; path = AppDelegate.m; sourceTree = "<group>"; };
		040348A81EEC455F00D89A1B /* ViewController.h */ = {isa = PBXFileReference; lastKnownFileType = sourcecode.c.h; path = ViewController.h; sourceTree = "<group>"; };
		040348A91EEC455F00D89A1B /* ViewController.m */ = {isa = PBXFileReference; lastKnownFileType = sourcecode.c.objc; path = ViewController.m; sourceTree = "<group>"; };
		040348AC1EEC455F00D89A1B /* Base */ = {isa = PBXFileReference; lastKnownFileType = file.storyboard; name = Base; path = Base.lproj/Main.storyboard; sourceTree = "<group>"; };
		040348AF1EEC456000D89A1B /* JackPickerView.xcdatamodel */ = {isa = PBXFileReference; lastKnownFileType = wrapper.xcdatamodel; path = JackPickerView.xcdatamodel; sourceTree = "<group>"; };
		040348B11EEC456000D89A1B /* Assets.xcassets */ = {isa = PBXFileReference; lastKnownFileType = folder.assetcatalog; path = Assets.xcassets; sourceTree = "<group>"; };
		040348B41EEC456000D89A1B /* Base */ = {isa = PBXFileReference; lastKnownFileType = file.storyboard; name = Base; path = Base.lproj/LaunchScreen.storyboard; sourceTree = "<group>"; };
		040348B61EEC456000D89A1B /* Info.plist */ = {isa = PBXFileReference; lastKnownFileType = text.plist.xml; path = Info.plist; sourceTree = "<group>"; };
		040348BB1EEC456000D89A1B /* JackPickerViewUITests.xctest */ = {isa = PBXFileReference; explicitFileType = wrapper.cfbundle; includeInIndex = 0; path = JackPickerViewUITests.xctest; sourceTree = BUILT_PRODUCTS_DIR; };
		040348BF1EEC456000D89A1B /* JackPickerViewUITests.m */ = {isa = PBXFileReference; lastKnownFileType = sourcecode.c.objc; path = JackPickerViewUITests.m; sourceTree = "<group>"; };
		040348C11EEC456000D89A1B /* Info.plist */ = {isa = PBXFileReference; lastKnownFileType = text.plist.xml; path = Info.plist; sourceTree = "<group>"; };
		0486AE1C1F4C0921004E37C9 /* JackPickerView.h */ = {isa = PBXFileReference; fileEncoding = 4; lastKnownFileType = sourcecode.c.h; name = JackPickerView.h; path = JCPikcer/JackPickerView.h; sourceTree = "<group>"; };
		0486AE1D1F4C0921004E37C9 /* JackPickerView.m */ = {isa = PBXFileReference; fileEncoding = 4; lastKnownFileType = sourcecode.c.objc; name = JackPickerView.m; path = JCPikcer/JackPickerView.m; sourceTree = "<group>"; };
/* End PBXFileReference section */

/* Begin PBXFrameworksBuildPhase section */
		0403489C1EEC455F00D89A1B /* Frameworks */ = {
			isa = PBXFrameworksBuildPhase;
			buildActionMask = 2147483647;
			files = (
			);
			runOnlyForDeploymentPostprocessing = 0;
		};
		040348B81EEC456000D89A1B /* Frameworks */ = {
			isa = PBXFrameworksBuildPhase;
			buildActionMask = 2147483647;
			files = (
			);
			runOnlyForDeploymentPostprocessing = 0;
		};
/* End PBXFrameworksBuildPhase section */

/* Begin PBXGroup section */
		040348961EEC455F00D89A1B = {
			isa = PBXGroup;
			children = (
				040348A11EEC455F00D89A1B /* JackPickerView */,
				040348BE1EEC456000D89A1B /* JackPickerViewUITests */,
				040348A01EEC455F00D89A1B /* Products */,
			);
			sourceTree = "<group>";
		};
		040348A01EEC455F00D89A1B /* Products */ = {
			isa = PBXGroup;
			children = (
				0403489F1EEC455F00D89A1B /* JackPickerView.app */,
				040348BB1EEC456000D89A1B /* JackPickerViewUITests.xctest */,
			);
			name = Products;
			sourceTree = "<group>";
		};
		040348A11EEC455F00D89A1B /* JackPickerView */ = {
			isa = PBXGroup;
			children = (
				0486AE181F4C08E5004E37C9 /* JCPikcer */,
				040348A51EEC455F00D89A1B /* AppDelegate.h */,
				040348A61EEC455F00D89A1B /* AppDelegate.m */,
				040348A81EEC455F00D89A1B /* ViewController.h */,
				040348A91EEC455F00D89A1B /* ViewController.m */,
				040348AB1EEC455F00D89A1B /* Main.storyboard */,
				040348B11EEC456000D89A1B /* Assets.xcassets */,
				040348B31EEC456000D89A1B /* LaunchScreen.storyboard */,
				040348B61EEC456000D89A1B /* Info.plist */,
				040348AE1EEC456000D89A1B /* JackPickerView.xcdatamodeld */,
				040348A21EEC455F00D89A1B /* Supporting Files */,
			);
			path = JackPickerView;
			sourceTree = "<group>";
		};
		040348A21EEC455F00D89A1B /* Supporting Files */ = {
			isa = PBXGroup;
			children = (
				040348A31EEC455F00D89A1B /* main.m */,
			);
			name = "Supporting Files";
			sourceTree = "<group>";
		};
		040348BE1EEC456000D89A1B /* JackPickerViewUITests */ = {
			isa = PBXGroup;
			children = (
				040348BF1EEC456000D89A1B /* JackPickerViewUITests.m */,
				040348C11EEC456000D89A1B /* Info.plist */,
			);
			path = JackPickerViewUITests;
			sourceTree = "<group>";
		};
		0486AE181F4C08E5004E37C9 /* JCPikcer */ = {
			isa = PBXGroup;
			children = (
				0486AE1C1F4C0921004E37C9 /* JackPickerView.h */,
				0486AE1D1F4C0921004E37C9 /* JackPickerView.m */,
			);
			name = JCPikcer;
			sourceTree = "<group>";
		};
/* End PBXGroup section */

/* Begin PBXNativeTarget section */
		0403489E1EEC455F00D89A1B /* JackPickerView */ = {
			isa = PBXNativeTarget;
			buildConfigurationList = 040348C41EEC456000D89A1B /* Build configuration list for PBXNativeTarget "JackPickerView" */;
			buildPhases = (
				0403489B1EEC455F00D89A1B /* Sources */,
				0403489C1EEC455F00D89A1B /* Frameworks */,
				0403489D1EEC455F00D89A1B /* Resources */,
			);
			buildRules = (
			);
			dependencies = (
			);
			name = JackPickerView;
			productName = JackPickerView;
			productReference = 0403489F1EEC455F00D89A1B /* JackPickerView.app */;
			productType = "com.apple.product-type.application";
		};
		040348BA1EEC456000D89A1B /* JackPickerViewUITests */ = {
			isa = PBXNativeTarget;
			buildConfigurationList = 040348C71EEC456000D89A1B /* Build configuration list for PBXNativeTarget "JackPickerViewUITests" */;
			buildPhases = (
				040348B71EEC456000D89A1B /* Sources */,
				040348B81EEC456000D89A1B /* Frameworks */,
				040348B91EEC456000D89A1B /* Resources */,
			);
			buildRules = (
			);
			dependencies = (
				040348BD1EEC456000D89A1B /* PBXTargetDependency */,
			);
			name = JackPickerViewUITests;
			productName = JackPickerViewUITests;
			productReference = 040348BB1EEC456000D89A1B /* JackPickerViewUITests.xctest */;
			productType = "com.apple.product-type.bundle.ui-testing";
		};
/* End PBXNativeTarget section */

/* Begin PBXProject section */
		040348971EEC455F00D89A1B /* Project object */ = {
			isa = PBXProject;
			attributes = {
				LastUpgradeCheck = 0830;
				ORGANIZATIONNAME = Jack;
				TargetAttributes = {
					0403489E1EEC455F00D89A1B = {
						CreatedOnToolsVersion = 8.3;
						ProvisioningStyle = Automatic;
					};
					040348BA1EEC456000D89A1B = {
						CreatedOnToolsVersion = 8.3;
						ProvisioningStyle = Automatic;
						TestTargetID = 0403489E1EEC455F00D89A1B;
					};
				};
			};
			buildConfigurationList = 0403489A1EEC455F00D89A1B /* Build configuration list for PBXProject "JackPickerView" */;
			compatibilityVersion = "Xcode 3.2";
			developmentRegion = English;
			hasScannedForEncodings = 0;
			knownRegions = (
				en,
				Base,
			);
			mainGroup = 040348961EEC455F00D89A1B;
			productRefGroup = 040348A01EEC455F00D89A1B /* Products */;
			projectDirPath = "";
			projectRoot = "";
			targets = (
				0403489E1EEC455F00D89A1B /* JackPickerView */,
				040348BA1EEC456000D89A1B /* JackPickerViewUITests */,
			);
		};
/* End PBXProject section */

/* Begin PBXResourcesBuildPhase section */
		0403489D1EEC455F00D89A1B /* Resources */ = {
			isa = PBXResourcesBuildPhase;
			buildActionMask = 2147483647;
			files = (
				040348B51EEC456000D89A1B /* LaunchScreen.storyboard in Resources */,
				040348B21EEC456000D89A1B /* Assets.xcassets in Resources */,
				040348AD1EEC455F00D89A1B /* Main.storyboard in Resources */,
			);
			runOnlyForDeploymentPostprocessing = 0;
		};
		040348B91EEC456000D89A1B /* Resources */ = {
			isa = PBXResourcesBuildPhase;
			buildActionMask = 2147483647;
			files = (
			);
			runOnlyForDeploymentPostprocessing = 0;
		};
/* End PBXResourcesBuildPhase section */

/* Begin PBXSourcesBuildPhase section */
		0403489B1EEC455F00D89A1B /* Sources */ = {
			isa = PBXSourcesBuildPhase;
			buildActionMask = 2147483647;
			files = (
				040348AA1EEC455F00D89A1B /* ViewController.m in Sources */,
				040348B01EEC456000D89A1B /* JackPickerView.xcdatamodeld in Sources */,
				040348A71EEC455F00D89A1B /* AppDelegate.m in Sources */,
				0486AE1E1F4C0921004E37C9 /* JackPickerView.m in Sources */,
				040348A41EEC455F00D89A1B /* main.m in Sources */,
			);
			runOnlyForDeploymentPostprocessing = 0;
		};
		040348B71EEC456000D89A1B /* Sources */ = {
			isa = PBXSourcesBuildPhase;
			buildActionMask = 2147483647;
			files = (
				040348C01EEC456000D89A1B /* JackPickerViewUITests.m in Sources */,
			);
			runOnlyForDeploymentPostprocessing = 0;
		};
/* End PBXSourcesBuildPhase section */

/* Begin PBXTargetDependency section */
		040348BD1EEC456000D89A1B /* PBXTargetDependency */ = {
			isa = PBXTargetDependency;
			target = 0403489E1EEC455F00D89A1B /* JackPickerView */;
			targetProxy = 040348BC1EEC456000D89A1B /* PBXContainerItemProxy */;
		};
/* End PBXTargetDependency section */

/* Begin PBXVariantGroup section */
		040348AB1EEC455F00D89A1B /* Main.storyboard */ = {
			isa = PBXVariantGroup;
			children = (
				040348AC1EEC455F00D89A1B /* Base */,
			);
			name = Main.storyboard;
			sourceTree = "<group>";
		};
		040348B31EEC456000D89A1B /* LaunchScreen.storyboard */ = {
			isa = PBXVariantGroup;
			children = (
				040348B41EEC456000D89A1B /* Base */,
			);
			name = LaunchScreen.storyboard;
			sourceTree = "<group>";
		};
/* End PBXVariantGroup section */

/* Begin XCBuildConfiguration section */
		040348C21EEC456000D89A1B /* Debug */ = {
			isa = XCBuildConfiguration;
			buildSettings = {
				ALWAYS_SEARCH_USER_PATHS = NO;
				CLANG_ANALYZER_NONNULL = YES;
				CLANG_ANALYZER_NUMBER_OBJECT_CONVERSION = YES_AGGRESSIVE;
				CLANG_CXX_LANGUAGE_STANDARD = "gnu++0x";
				CLANG_CXX_LIBRARY = "libc++";
				CLANG_ENABLE_MODULES = YES;
				CLANG_ENABLE_OBJC_ARC = YES;
				CLANG_WARN_BOOL_CONVERSION = YES;
				CLANG_WARN_CONSTANT_CONVERSION = YES;
				CLANG_WARN_DIRECT_OBJC_ISA_USAGE = YES_ERROR;
				CLANG_WARN_DOCUMENTATION_COMMENTS = YES;
				CLANG_WARN_EMPTY_BODY = YES;
				CLANG_WARN_ENUM_CONVERSION = YES;
				CLANG_WARN_INFINITE_RECURSION = YES;
				CLANG_WARN_INT_CONVERSION = YES;
				CLANG_WARN_OBJC_ROOT_CLASS = YES_ERROR;
				CLANG_WARN_SUSPICIOUS_MOVE = YES;
				CLANG_WARN_UNREACHABLE_CODE = YES;
				CLANG_WARN__DUPLICATE_METHOD_MATCH = YES;
				"CODE_SIGN_IDENTITY[sdk=iphoneos*]" = "iPhone Developer";
				COPY_PHASE_STRIP = NO;
				DEBUG_INFORMATION_FORMAT = dwarf;
				ENABLE_STRICT_OBJC_MSGSEND = YES;
				ENABLE_TESTABILITY = YES;
				GCC_C_LANGUAGE_STANDARD = gnu99;
				GCC_DYNAMIC_NO_PIC = NO;
				GCC_NO_COMMON_BLOCKS = YES;
				GCC_OPTIMIZATION_LEVEL = 0;
				GCC_PREPROCESSOR_DEFINITIONS = (
					"DEBUG=1",
					"$(inherited)",
				);
				GCC_WARN_64_TO_32_BIT_CONVERSION = YES;
				GCC_WARN_ABOUT_RETURN_TYPE = YES_ERROR;
				GCC_WARN_UNDECLARED_SELECTOR = YES;
				GCC_WARN_UNINITIALIZED_AUTOS = YES_AGGRESSIVE;
				GCC_WARN_UNUSED_FUNCTION = YES;
				GCC_WARN_UNUSED_VARIABLE = YES;
				IPHONEOS_DEPLOYMENT_TARGET = 10.3;
				MTL_ENABLE_DEBUG_INFO = YES;
				ONLY_ACTIVE_ARCH = YES;
				SDKROOT = iphoneos;
				TARGETED_DEVICE_FAMILY = "1,2";
			};
			name = Debug;
		};
		040348C31EEC456000D89A1B /* Release */ = {
			isa = XCBuildConfiguration;
			buildSettings = {
				ALWAYS_SEARCH_USER_PATHS = NO;
				CLANG_ANALYZER_NONNULL = YES;
				CLANG_ANALYZER_NUMBER_OBJECT_CONVERSION = YES_AGGRESSIVE;
				CLANG_CXX_LANGUAGE_STANDARD = "gnu++0x";
				CLANG_CXX_LIBRARY = "libc++";
				CLANG_ENABLE_MODULES = YES;
				CLANG_ENABLE_OBJC_ARC = YES;
				CLANG_WARN_BOOL_CONVERSION = YES;
				CLANG_WARN_CONSTANT_CONVERSION = YES;
				CLANG_WARN_DIRECT_OBJC_ISA_USAGE = YES_ERROR;
				CLANG_WARN_DOCUMENTATION_COMMENTS = YES;
				CLANG_WARN_EMPTY_BODY = YES;
				CLANG_WARN_ENUM_CONVERSION = YES;
				CLANG_WARN_INFINITE_RECURSION = YES;
				CLANG_WARN_INT_CONVERSION = YES;
				CLANG_WARN_OBJC_ROOT_CLASS = YES_ERROR;
				CLANG_WARN_SUSPICIOUS_MOVE = YES;
				CLANG_WARN_UNREACHABLE_CODE = YES;
				CLANG_WARN__DUPLICATE_METHOD_MATCH = YES;
				"CODE_SIGN_IDENTITY[sdk=iphoneos*]" = "iPhone Developer";
				COPY_PHASE_STRIP = NO;
				DEBUG_INFORMATION_FORMAT = "dwarf-with-dsym";
				ENABLE_NS_ASSERTIONS = NO;
				ENABLE_STRICT_OBJC_MSGSEND = YES;
				GCC_C_LANGUAGE_STANDARD = gnu99;
				GCC_NO_COMMON_BLOCKS = YES;
				GCC_WARN_64_TO_32_BIT_CONVERSION = YES;
				GCC_WARN_ABOUT_RETURN_TYPE = YES_ERROR;
				GCC_WARN_UNDECLARED_SELECTOR = YES;
				GCC_WARN_UNINITIALIZED_AUTOS = YES_AGGRESSIVE;
				GCC_WARN_UNUSED_FUNCTION = YES;
				GCC_WARN_UNUSED_VARIABLE = YES;
				IPHONEOS_DEPLOYMENT_TARGET = 10.3;
				MTL_ENABLE_DEBUG_INFO = NO;
				SDKROOT = iphoneos;
				TARGETED_DEVICE_FAMILY = "1,2";
				VALIDATE_PRODUCT = YES;
			};
			name = Release;
		};
		040348C51EEC456000D89A1B /* Debug */ = {
			isa = XCBuildConfiguration;
			buildSettings = {
				ASSETCATALOG_COMPILER_APPICON_NAME = AppIcon;
				INFOPLIST_FILE = JackPickerView/Info.plist;
				LD_RUNPATH_SEARCH_PATHS = "$(inherited) @executable_path/Frameworks";
				PRODUCT_BUNDLE_IDENTIFIER = com.jackchen.JackPickerView;
				PRODUCT_NAME = "$(TARGET_NAME)";
			};
			name = Debug;
		};
		040348C61EEC456000D89A1B /* Release */ = {
			isa = XCBuildConfiguration;
			buildSettings = {
				ASSETCATALOG_COMPILER_APPICON_NAME = AppIcon;
				INFOPLIST_FILE = JackPickerView/Info.plist;
				LD_RUNPATH_SEARCH_PATHS = "$(inherited) @executable_path/Frameworks";
				PRODUCT_BUNDLE_IDENTIFIER = com.jackchen.JackPickerView;
				PRODUCT_NAME = "$(TARGET_NAME)";
			};
			name = Release;
		};
		040348C81EEC456000D89A1B /* Debug */ = {
			isa = XCBuildConfiguration;
			buildSettings = {
				INFOPLIST_FILE = JackPickerViewUITests/Info.plist;
				LD_RUNPATH_SEARCH_PATHS = "$(inherited) @executable_path/Frameworks @loader_path/Frameworks";
				PRODUCT_BUNDLE_IDENTIFIER = com.jackchen.JackPickerViewUITests;
				PRODUCT_NAME = "$(TARGET_NAME)";
				TEST_TARGET_NAME = JackPickerView;
			};
			name = Debug;
		};
		040348C91EEC456000D89A1B /* Release */ = {
			isa = XCBuildConfiguration;
			buildSettings = {
				INFOPLIST_FILE = JackPickerViewUITests/Info.plist;
				LD_RUNPATH_SEARCH_PATHS = "$(inherited) @executable_path/Frameworks @loader_path/Frameworks";
				PRODUCT_BUNDLE_IDENTIFIER = com.jackchen.JackPickerViewUITests;
				PRODUCT_NAME = "$(TARGET_NAME)";
				TEST_TARGET_NAME = JackPickerView;
			};
			name = Release;
		};
/* End XCBuildConfiguration section */

/* Begin XCConfigurationList section */
		0403489A1EEC455F00D89A1B /* Build configuration list for PBXProject "JackPickerView" */ = {
			isa = XCConfigurationList;
			buildConfigurations = (
				040348C21EEC456000D89A1B /* Debug */,
				040348C31EEC456000D89A1B /* Release */,
			);
			defaultConfigurationIsVisible = 0;
			defaultConfigurationName = Release;
		};
		040348C41EEC456000D89A1B /* Build configuration list for PBXNativeTarget "JackPickerView" */ = {
			isa = XCConfigurationList;
			buildConfigurations = (
				040348C51EEC456000D89A1B /* Debug */,
				040348C61EEC456000D89A1B /* Release */,
			);
			defaultConfigurationIsVisible = 0;
			defaultConfigurationName = Release;
		};
		040348C71EEC456000D89A1B /* Build configuration list for PBXNativeTarget "JackPickerViewUITests" */ = {
			isa = XCConfigurationList;
			buildConfigurations = (
				040348C81EEC456000D89A1B /* Debug */,
				040348C91EEC456000D89A1B /* Release */,
			);
			defaultConfigurationIsVisible = 0;
			defaultConfigurationName = Release;
		};
/* End XCConfigurationList section */

/* Begin XCVersionGroup section */
		040348AE1EEC456000D89A1B /* JackPickerView.xcdatamodeld */ = {
			isa = XCVersionGroup;
			children = (
				040348AF1EEC456000D89A1B /* JackPickerView.xcdatamodel */,
			);
			currentVersion = 040348AF1EEC456000D89A1B /* JackPickerView.xcdatamodel */;
			path = JackPickerView.xcdatamodeld;
			sourceTree = "<group>";
			versionGroupType = wrapper.xcdatamodel;
		};
/* End XCVersionGroup section */
	};
	rootObject = 040348971EEC455F00D89A1B /* Project object */;
}
